
Microsoft Visual Studio Solution File, Format Version 12.00
# Visual Studio Version 17
VisualStudioVersion = 17.13.35818.85
MinimumVisualStudioVersion = 10.0.40219.1
Project("{2150E333-8FDC-42A3-9474-1A3956D46DE8}") = "Core", "Core", "{36D591C7-65C7-A0D1-1CBC-10CDE441BDC8}"
EndProject
Project("{2150E333-8FDC-42A3-9474-1A3956D46DE8}") = "Infrastructure", "Infrastructure", "{8E2927EF-8F55-4A06-BD0A-D907A189183F}"
EndProject
Project("{2150E333-8FDC-42A3-9474-1A3956D46DE8}") = "Presentation", "Presentation", "{304E3791-89D1-45E1-84B6-019AC87FF7EC}"
EndProject
Project("{FAE04EC0-301F-11D3-BF4B-00C04F79EFBC}") = "StudyTaskManager.Domain", "StudyTaskManager.Domain\StudyTaskManager.Domain.csproj", "{B9215936-7AFD-4994-8033-DFAD121255B7}"
EndProject
Project("{FAE04EC0-301F-11D3-BF4B-00C04F79EFBC}") = "StudyTaskManager.Application", "StudyTaskManager.Application\StudyTaskManager.Application.csproj", "{E8D31B5B-BD13-4E61-9207-DB27DD1E22BD}"
EndProject
Project("{FAE04EC0-301F-11D3-BF4B-00C04F79EFBC}") = "StudyTaskManager.Infrastructure", "StudyTaskManager.Infrastructure\StudyTaskManager.Infrastructure.csproj", "{0B882709-24DA-4DAC-B32F-308559906B9B}"
EndProject
Project("{FAE04EC0-301F-11D3-BF4B-00C04F79EFBC}") = "StudyTaskManager.Persistence", "StudyTaskManager.Persistence\StudyTaskManager.Persistence.csproj", "{C93C2875-9BFE-47CE-9A4A-A5D69789E753}"
EndProject
Project("{FAE04EC0-301F-11D3-BF4B-00C04F79EFBC}") = "StudyTaskManager.WebAPI", "studytaskmanager.webapi\studytaskmanager.webapi.Server\StudyTaskManager.WebAPI.csproj", "{694565F4-E4B0-4C1A-A5DB-FFEF402F740A}"
EndProject
Project("{54A90642-561A-4BB1-A94E-469ADEE60C69}") = "StudyTaskManager.Presentation", "studytaskmanager.webapi\studytaskmanager.webapi.client\StudyTaskManager.Presentation.esproj", "{C1D7ED0A-065D-44A3-8675-8BDA7546C55C}"
EndProject
Project("{FAE04EC0-301F-11D3-BF4B-00C04F79EFBC}") = "ConsoleAppTest", "ConsoleAppTest\ConsoleAppTest.csproj", "{DFA43237-74A9-4CD3-AE29-48FC14304FEC}"
EndProject
Global
	GlobalSection(SolutionConfigurationPlatforms) = preSolution
		Debug|Any CPU = Debug|Any CPU
		Release|Any CPU = Release|Any CPU
	EndGlobalSection
	GlobalSection(ProjectConfigurationPlatforms) = postSolution
		{B9215936-7AFD-4994-8033-DFAD121255B7}.Debug|Any CPU.ActiveCfg = Debug|Any CPU
		{B9215936-7AFD-4994-8033-DFAD121255B7}.Debug|Any CPU.Build.0 = Debug|Any CPU
		{B9215936-7AFD-4994-8033-DFAD121255B7}.Release|Any CPU.ActiveCfg = Release|Any CPU
		{B9215936-7AFD-4994-8033-DFAD121255B7}.Release|Any CPU.Build.0 = Release|Any CPU
		{E8D31B5B-BD13-4E61-9207-DB27DD1E22BD}.Debug|Any CPU.ActiveCfg = Debug|Any CPU
		{E8D31B5B-BD13-4E61-9207-DB27DD1E22BD}.Debug|Any CPU.Build.0 = Debug|Any CPU
		{E8D31B5B-BD13-4E61-9207-DB27DD1E22BD}.Release|Any CPU.ActiveCfg = Release|Any CPU
		{E8D31B5B-BD13-4E61-9207-DB27DD1E22BD}.Release|Any CPU.Build.0 = Release|Any CPU
		{0B882709-24DA-4DAC-B32F-308559906B9B}.Debug|Any CPU.ActiveCfg = Debug|Any CPU
		{0B882709-24DA-4DAC-B32F-308559906B9B}.Debug|Any CPU.Build.0 = Debug|Any CPU
		{0B882709-24DA-4DAC-B32F-308559906B9B}.Release|Any CPU.ActiveCfg = Release|Any CPU
		{0B882709-24DA-4DAC-B32F-308559906B9B}.Release|Any CPU.Build.0 = Release|Any CPU
		{C93C2875-9BFE-47CE-9A4A-A5D69789E753}.Debug|Any CPU.ActiveCfg = Debug|Any CPU
		{C93C2875-9BFE-47CE-9A4A-A5D69789E753}.Debug|Any CPU.Build.0 = Debug|Any CPU
		{C93C2875-9BFE-47CE-9A4A-A5D69789E753}.Release|Any CPU.ActiveCfg = Release|Any CPU
		{C93C2875-9BFE-47CE-9A4A-A5D69789E753}.Release|Any CPU.Build.0 = Release|Any CPU
		{694565F4-E4B0-4C1A-A5DB-FFEF402F740A}.Debug|Any CPU.ActiveCfg = Debug|Any CPU
		{694565F4-E4B0-4C1A-A5DB-FFEF402F740A}.Debug|Any CPU.Build.0 = Debug|Any CPU
		{694565F4-E4B0-4C1A-A5DB-FFEF402F740A}.Release|Any CPU.ActiveCfg = Release|Any CPU
		{694565F4-E4B0-4C1A-A5DB-FFEF402F740A}.Release|Any CPU.Build.0 = Release|Any CPU
		{C1D7ED0A-065D-44A3-8675-8BDA7546C55C}.Debug|Any CPU.ActiveCfg = Debug|Any CPU
		{C1D7ED0A-065D-44A3-8675-8BDA7546C55C}.Debug|Any CPU.Build.0 = Debug|Any CPU
		{C1D7ED0A-065D-44A3-8675-8BDA7546C55C}.Debug|Any CPU.Deploy.0 = Debug|Any CPU
		{C1D7ED0A-065D-44A3-8675-8BDA7546C55C}.Release|Any CPU.ActiveCfg = Release|Any CPU
		{C1D7ED0A-065D-44A3-8675-8BDA7546C55C}.Release|Any CPU.Build.0 = Release|Any CPU
		{C1D7ED0A-065D-44A3-8675-8BDA7546C55C}.Release|Any CPU.Deploy.0 = Release|Any CPU
		{DFA43237-74A9-4CD3-AE29-48FC14304FEC}.Debug|Any CPU.ActiveCfg = Debug|Any CPU
		{DFA43237-74A9-4CD3-AE29-48FC14304FEC}.Debug|Any CPU.Build.0 = Debug|Any CPU
		{DFA43237-74A9-4CD3-AE29-48FC14304FEC}.Release|Any CPU.ActiveCfg = Release|Any CPU
		{DFA43237-74A9-4CD3-AE29-48FC14304FEC}.Release|Any CPU.Build.0 = Release|Any CPU
	EndGlobalSection
	GlobalSection(SolutionProperties) = preSolution
		HideSolutionNode = FALSE
	EndGlobalSection
	GlobalSection(NestedProjects) = preSolution
		{B9215936-7AFD-4994-8033-DFAD121255B7} = {36D591C7-65C7-A0D1-1CBC-10CDE441BDC8}
		{E8D31B5B-BD13-4E61-9207-DB27DD1E22BD} = {36D591C7-65C7-A0D1-1CBC-10CDE441BDC8}
		{0B882709-24DA-4DAC-B32F-308559906B9B} = {8E2927EF-8F55-4A06-BD0A-D907A189183F}
		{C93C2875-9BFE-47CE-9A4A-A5D69789E753} = {8E2927EF-8F55-4A06-BD0A-D907A189183F}
		{C1D7ED0A-065D-44A3-8675-8BDA7546C55C} = {304E3791-89D1-45E1-84B6-019AC87FF7EC}
	EndGlobalSection
	GlobalSection(ExtensibilityGlobals) = postSolution
		SolutionGuid = {ECCA7F91-BBAF-4DF5-87B3-6D066BA3EF1C}
	EndGlobalSection
EndGlobal
